
Microsoft Visual Studio Solution File, Format Version 12.00
# Visual Studio Version 17
VisualStudioVersion = 17.0.31912.275
MinimumVisualStudioVersion = 10.0.40219.1
Project("{9A19103F-16F7-4668-BE54-9A1E7A4F7556}") = "Abstractions", "Abstractions\Abstractions.csproj", "{52F31FFF-99B2-439A-AF2F-F873F3ABF948}"
EndProject
Project("{9A19103F-16F7-4668-BE54-9A1E7A4F7556}") = "Implementations", "Implementations\Implementations.csproj", "{F9CE24B5-1345-4E1F-9CCB-18A0A483626F}"
EndProject
Project("{9A19103F-16F7-4668-BE54-9A1E7A4F7556}") = "MailAttachmentToLocalFolder", "MailAttachmentToLocalFolder\MailAttachmentToLocalFolder.csproj", "{95CFDC16-1C31-45CF-8E7F-9E1990944D00}"
EndProject
Project("{2150E333-8FDC-42A3-9474-1A3956D46DE8}") = "Hosts", "Hosts", "{B16B58CB-9E7E-40ED-A15F-C1648FB83864}"
EndProject
Project("{2150E333-8FDC-42A3-9474-1A3956D46DE8}") = "SolutionItems", "SolutionItems", "{311BA032-14F3-449E-A7B9-F2C072E507B1}"
	ProjectSection(SolutionItems) = preProject
		.gitignore = .gitignore
		Directory.Build.props = Directory.Build.props
		LICENSE = LICENSE
		README.md = README.md
	EndProjectSection
EndProject
Global
	GlobalSection(SolutionConfigurationPlatforms) = preSolution
		Debug|Any CPU = Debug|Any CPU
		Release|Any CPU = Release|Any CPU
	EndGlobalSection
	GlobalSection(ProjectConfigurationPlatforms) = postSolution
		{52F31FFF-99B2-439A-AF2F-F873F3ABF948}.Debug|Any CPU.ActiveCfg = Debug|Any CPU
		{52F31FFF-99B2-439A-AF2F-F873F3ABF948}.Debug|Any CPU.Build.0 = Debug|Any CPU
		{52F31FFF-99B2-439A-AF2F-F873F3ABF948}.Release|Any CPU.ActiveCfg = Release|Any CPU
		{52F31FFF-99B2-439A-AF2F-F873F3ABF948}.Release|Any CPU.Build.0 = Release|Any CPU
		{F9CE24B5-1345-4E1F-9CCB-18A0A483626F}.Debug|Any CPU.ActiveCfg = Debug|Any CPU
		{F9CE24B5-1345-4E1F-9CCB-18A0A483626F}.Debug|Any CPU.Build.0 = Debug|Any CPU
		{F9CE24B5-1345-4E1F-9CCB-18A0A483626F}.Release|Any CPU.ActiveCfg = Release|Any CPU
		{F9CE24B5-1345-4E1F-9CCB-18A0A483626F}.Release|Any CPU.Build.0 = Release|Any CPU
		{95CFDC16-1C31-45CF-8E7F-9E1990944D00}.Debug|Any CPU.ActiveCfg = Debug|Any CPU
		{95CFDC16-1C31-45CF-8E7F-9E1990944D00}.Debug|Any CPU.Build.0 = Debug|Any CPU
		{95CFDC16-1C31-45CF-8E7F-9E1990944D00}.Release|Any CPU.ActiveCfg = Release|Any CPU
		{95CFDC16-1C31-45CF-8E7F-9E1990944D00}.Release|Any CPU.Build.0 = Release|Any CPU
	EndGlobalSection
	GlobalSection(SolutionProperties) = preSolution
		HideSolutionNode = FALSE
	EndGlobalSection
	GlobalSection(NestedProjects) = preSolution
		{95CFDC16-1C31-45CF-8E7F-9E1990944D00} = {B16B58CB-9E7E-40ED-A15F-C1648FB83864}
	EndGlobalSection
	GlobalSection(ExtensibilityGlobals) = postSolution
		SolutionGuid = {5A65CEE2-D40C-486A-A118-53E69471E188}
	EndGlobalSection
EndGlobal
